// !$*UTF8*$!
{
	archiveVersion = 1;
	classes = {
	};
	objectVersion = 56;
	objects = {

/* Begin PBXBuildFile section */
		50819F7C296318CB00466AAD /* DetailView.swift in Sources */ = {isa = PBXBuildFile; fileRef = 50819F7B296318CB00466AAD /* DetailView.swift */; };
		50819F7E2963225000466AAD /* WebView.swift in Sources */ = {isa = PBXBuildFile; fileRef = 50819F7D2963225000466AAD /* WebView.swift */; };
		50E1E2B529605B3D00B8645E /* Hacker_NewsApp.swift in Sources */ = {isa = PBXBuildFile; fileRef = 50E1E2B429605B3D00B8645E /* Hacker_NewsApp.swift */; };
		50E1E2B729605B3D00B8645E /* ContentView.swift in Sources */ = {isa = PBXBuildFile; fileRef = 50E1E2B629605B3D00B8645E /* ContentView.swift */; };
		50E1E2B929605B3E00B8645E /* Assets.xcassets in Resources */ = {isa = PBXBuildFile; fileRef = 50E1E2B829605B3E00B8645E /* Assets.xcassets */; };
		50E1E2BC29605B3E00B8645E /* Preview Assets.xcassets in Resources */ = {isa = PBXBuildFile; fileRef = 50E1E2BB29605B3E00B8645E /* Preview Assets.xcassets */; };
		50E1E2C629605B3E00B8645E /* Hacker_NewsTests.swift in Sources */ = {isa = PBXBuildFile; fileRef = 50E1E2C529605B3E00B8645E /* Hacker_NewsTests.swift */; };
		50E1E2D029605B3E00B8645E /* Hacker_NewsUITests.swift in Sources */ = {isa = PBXBuildFile; fileRef = 50E1E2CF29605B3E00B8645E /* Hacker_NewsUITests.swift */; };
		50E1E2D229605B3E00B8645E /* Hacker_NewsUITestsLaunchTests.swift in Sources */ = {isa = PBXBuildFile; fileRef = 50E1E2D129605B3E00B8645E /* Hacker_NewsUITestsLaunchTests.swift */; };
		50E1E2E02961E8BF00B8645E /* NetworkManager.swift in Sources */ = {isa = PBXBuildFile; fileRef = 50E1E2DF2961E8BF00B8645E /* NetworkManager.swift */; };
		50E1E2E22961E8EC00B8645E /* PostData.swift in Sources */ = {isa = PBXBuildFile; fileRef = 50E1E2E12961E8EB00B8645E /* PostData.swift */; };
/* End PBXBuildFile section */

/* Begin PBXContainerItemProxy section */
		50E1E2C229605B3E00B8645E /* PBXContainerItemProxy */ = {
			isa = PBXContainerItemProxy;
			containerPortal = 50E1E2A929605B3D00B8645E /* Project object */;
			proxyType = 1;
			remoteGlobalIDString = 50E1E2B029605B3D00B8645E;
			remoteInfo = "Hacker News";
		};
		50E1E2CC29605B3E00B8645E /* PBXContainerItemProxy */ = {
			isa = PBXContainerItemProxy;
			containerPortal = 50E1E2A929605B3D00B8645E /* Project object */;
			proxyType = 1;
			remoteGlobalIDString = 50E1E2B029605B3D00B8645E;
			remoteInfo = "Hacker News";
		};
/* End PBXContainerItemProxy section */

/* Begin PBXFileReference section */
		50819F7B296318CB00466AAD /* DetailView.swift */ = {isa = PBXFileReference; lastKnownFileType = sourcecode.swift; path = DetailView.swift; sourceTree = "<group>"; };
		50819F7D2963225000466AAD /* WebView.swift */ = {isa = PBXFileReference; lastKnownFileType = sourcecode.swift; path = WebView.swift; sourceTree = "<group>"; };
		50E1E2B129605B3D00B8645E /* Hacker News.app */ = {isa = PBXFileReference; explicitFileType = wrapper.application; includeInIndex = 0; path = "Hacker News.app"; sourceTree = BUILT_PRODUCTS_DIR; };
		50E1E2B429605B3D00B8645E /* Hacker_NewsApp.swift */ = {isa = PBXFileReference; lastKnownFileType = sourcecode.swift; path = Hacker_NewsApp.swift; sourceTree = "<group>"; };
		50E1E2B629605B3D00B8645E /* ContentView.swift */ = {isa = PBXFileReference; lastKnownFileType = sourcecode.swift; path = ContentView.swift; sourceTree = "<group>"; };
		50E1E2B829605B3E00B8645E /* Assets.xcassets */ = {isa = PBXFileReference; lastKnownFileType = folder.assetcatalog; path = Assets.xcassets; sourceTree = "<group>"; };
		50E1E2BB29605B3E00B8645E /* Preview Assets.xcassets */ = {isa = PBXFileReference; lastKnownFileType = folder.assetcatalog; path = "Preview Assets.xcassets"; sourceTree = "<group>"; };
		50E1E2C129605B3E00B8645E /* Hacker NewsTests.xctest */ = {isa = PBXFileReference; explicitFileType = wrapper.cfbundle; includeInIndex = 0; path = "Hacker NewsTests.xctest"; sourceTree = BUILT_PRODUCTS_DIR; };
		50E1E2C529605B3E00B8645E /* Hacker_NewsTests.swift */ = {isa = PBXFileReference; lastKnownFileType = sourcecode.swift; path = Hacker_NewsTests.swift; sourceTree = "<group>"; };
		50E1E2CB29605B3E00B8645E /* Hacker NewsUITests.xctest */ = {isa = PBXFileReference; explicitFileType = wrapper.cfbundle; includeInIndex = 0; path = "Hacker NewsUITests.xctest"; sourceTree = BUILT_PRODUCTS_DIR; };
		50E1E2CF29605B3E00B8645E /* Hacker_NewsUITests.swift */ = {isa = PBXFileReference; lastKnownFileType = sourcecode.swift; path = Hacker_NewsUITests.swift; sourceTree = "<group>"; };
		50E1E2D129605B3E00B8645E /* Hacker_NewsUITestsLaunchTests.swift */ = {isa = PBXFileReference; lastKnownFileType = sourcecode.swift; path = Hacker_NewsUITestsLaunchTests.swift; sourceTree = "<group>"; };
		50E1E2DF2961E8BF00B8645E /* NetworkManager.swift */ = {isa = PBXFileReference; lastKnownFileType = sourcecode.swift; path = NetworkManager.swift; sourceTree = "<group>"; };
		50E1E2E12961E8EB00B8645E /* PostData.swift */ = {isa = PBXFileReference; lastKnownFileType = sourcecode.swift; path = PostData.swift; sourceTree = "<group>"; };
/* End PBXFileReference section */

/* Begin PBXFrameworksBuildPhase section */
		50E1E2AE29605B3D00B8645E /* Frameworks */ = {
			isa = PBXFrameworksBuildPhase;
			buildActionMask = 2147483647;
			files = (
			);
			runOnlyForDeploymentPostprocessing = 0;
		};
		50E1E2BE29605B3E00B8645E /* Frameworks */ = {
			isa = PBXFrameworksBuildPhase;
			buildActionMask = 2147483647;
			files = (
			);
			runOnlyForDeploymentPostprocessing = 0;
		};
		50E1E2C829605B3E00B8645E /* Frameworks */ = {
			isa = PBXFrameworksBuildPhase;
			buildActionMask = 2147483647;
			files = (
			);
			runOnlyForDeploymentPostprocessing = 0;
		};
/* End PBXFrameworksBuildPhase section */

/* Begin PBXGroup section */
		50819F7A296318A600466AAD /* Views */ = {
			isa = PBXGroup;
			children = (
				50E1E2B629605B3D00B8645E /* ContentView.swift */,
				50819F7B296318CB00466AAD /* DetailView.swift */,
				50819F7D2963225000466AAD /* WebView.swift */,
			);
			path = Views;
			sourceTree = "<group>";
		};
		50E1E2A829605B3D00B8645E = {
			isa = PBXGroup;
			children = (
				50E1E2DE2961E8A400B8645E /* Models */,
				50E1E2B329605B3D00B8645E /* Hacker News */,
				50E1E2C429605B3E00B8645E /* Hacker NewsTests */,
				50E1E2CE29605B3E00B8645E /* Hacker NewsUITests */,
				50E1E2B229605B3D00B8645E /* Products */,
			);
			sourceTree = "<group>";
		};
		50E1E2B229605B3D00B8645E /* Products */ = {
			isa = PBXGroup;
			children = (
				50E1E2B129605B3D00B8645E /* Hacker News.app */,
				50E1E2C129605B3E00B8645E /* Hacker NewsTests.xctest */,
				50E1E2CB29605B3E00B8645E /* Hacker NewsUITests.xctest */,
			);
			name = Products;
			sourceTree = "<group>";
		};
		50E1E2B329605B3D00B8645E /* Hacker News */ = {
			isa = PBXGroup;
			children = (
				50E1E2B429605B3D00B8645E /* Hacker_NewsApp.swift */,
				50819F7A296318A600466AAD /* Views */,
				50E1E2B829605B3E00B8645E /* Assets.xcassets */,
				50E1E2BA29605B3E00B8645E /* Preview Content */,
			);
			path = "Hacker News";
			sourceTree = "<group>";
		};
		50E1E2BA29605B3E00B8645E /* Preview Content */ = {
			isa = PBXGroup;
			children = (
				50E1E2BB29605B3E00B8645E /* Preview Assets.xcassets */,
			);
			path = "Preview Content";
			sourceTree = "<group>";
		};
		50E1E2C429605B3E00B8645E /* Hacker NewsTests */ = {
			isa = PBXGroup;
			children = (
				50E1E2C529605B3E00B8645E /* Hacker_NewsTests.swift */,
			);
			path = "Hacker NewsTests";
			sourceTree = "<group>";
		};
		50E1E2CE29605B3E00B8645E /* Hacker NewsUITests */ = {
			isa = PBXGroup;
			children = (
				50E1E2CF29605B3E00B8645E /* Hacker_NewsUITests.swift */,
				50E1E2D129605B3E00B8645E /* Hacker_NewsUITestsLaunchTests.swift */,
			);
			path = "Hacker NewsUITests";
			sourceTree = "<group>";
		};
		50E1E2DE2961E8A400B8645E /* Models */ = {
			isa = PBXGroup;
			children = (
				50E1E2DF2961E8BF00B8645E /* NetworkManager.swift */,
				50E1E2E12961E8EB00B8645E /* PostData.swift */,
			);
			path = Models;
			sourceTree = "<group>";
		};
/* End PBXGroup section */

/* Begin PBXNativeTarget section */
		50E1E2B029605B3D00B8645E /* Hacker News */ = {
			isa = PBXNativeTarget;
			buildConfigurationList = 50E1E2D529605B3E00B8645E /* Build configuration list for PBXNativeTarget "Hacker News" */;
			buildPhases = (
				50E1E2AD29605B3D00B8645E /* Sources */,
				50E1E2AE29605B3D00B8645E /* Frameworks */,
				50E1E2AF29605B3D00B8645E /* Resources */,
			);
			buildRules = (
			);
			dependencies = (
			);
			name = "Hacker News";
			productName = "Hacker News";
			productReference = 50E1E2B129605B3D00B8645E /* Hacker News.app */;
			productType = "com.apple.product-type.application";
		};
		50E1E2C029605B3E00B8645E /* Hacker NewsTests */ = {
			isa = PBXNativeTarget;
			buildConfigurationList = 50E1E2D829605B3E00B8645E /* Build configuration list for PBXNativeTarget "Hacker NewsTests" */;
			buildPhases = (
				50E1E2BD29605B3E00B8645E /* Sources */,
				50E1E2BE29605B3E00B8645E /* Frameworks */,
				50E1E2BF29605B3E00B8645E /* Resources */,
			);
			buildRules = (
			);
			dependencies = (
				50E1E2C329605B3E00B8645E /* PBXTargetDependency */,
			);
			name = "Hacker NewsTests";
			productName = "Hacker NewsTests";
			productReference = 50E1E2C129605B3E00B8645E /* Hacker NewsTests.xctest */;
			productType = "com.apple.product-type.bundle.unit-test";
		};
		50E1E2CA29605B3E00B8645E /* Hacker NewsUITests */ = {
			isa = PBXNativeTarget;
			buildConfigurationList = 50E1E2DB29605B3E00B8645E /* Build configuration list for PBXNativeTarget "Hacker NewsUITests" */;
			buildPhases = (
				50E1E2C729605B3E00B8645E /* Sources */,
				50E1E2C829605B3E00B8645E /* Frameworks */,
				50E1E2C929605B3E00B8645E /* Resources */,
			);
			buildRules = (
			);
			dependencies = (
				50E1E2CD29605B3E00B8645E /* PBXTargetDependency */,
			);
			name = "Hacker NewsUITests";
			productName = "Hacker NewsUITests";
			productReference = 50E1E2CB29605B3E00B8645E /* Hacker NewsUITests.xctest */;
			productType = "com.apple.product-type.bundle.ui-testing";
		};
/* End PBXNativeTarget section */

/* Begin PBXProject section */
		50E1E2A929605B3D00B8645E /* Project object */ = {
			isa = PBXProject;
			attributes = {
				BuildIndependentTargetsInParallel = 1;
				LastSwiftUpdateCheck = 1420;
				LastUpgradeCheck = 1420;
				TargetAttributes = {
					50E1E2B029605B3D00B8645E = {
						CreatedOnToolsVersion = 14.2;
					};
					50E1E2C029605B3E00B8645E = {
						CreatedOnToolsVersion = 14.2;
						TestTargetID = 50E1E2B029605B3D00B8645E;
					};
					50E1E2CA29605B3E00B8645E = {
						CreatedOnToolsVersion = 14.2;
						TestTargetID = 50E1E2B029605B3D00B8645E;
					};
				};
			};
			buildConfigurationList = 50E1E2AC29605B3D00B8645E /* Build configuration list for PBXProject "Hacker News" */;
			compatibilityVersion = "Xcode 14.0";
			developmentRegion = en;
			hasScannedForEncodings = 0;
			knownRegions = (
				en,
				Base,
			);
			mainGroup = 50E1E2A829605B3D00B8645E;
			productRefGroup = 50E1E2B229605B3D00B8645E /* Products */;
			projectDirPath = "";
			projectRoot = "";
			targets = (
				50E1E2B029605B3D00B8645E /* Hacker News */,
				50E1E2C029605B3E00B8645E /* Hacker NewsTests */,
				50E1E2CA29605B3E00B8645E /* Hacker NewsUITests */,
			);
		};
/* End PBXProject section */

/* Begin PBXResourcesBuildPhase section */
		50E1E2AF29605B3D00B8645E /* Resources */ = {
			isa = PBXResourcesBuildPhase;
			buildActionMask = 2147483647;
			files = (
				50E1E2BC29605B3E00B8645E /* Preview Assets.xcassets in Resources */,
				50E1E2B929605B3E00B8645E /* Assets.xcassets in Resources */,
			);
			runOnlyForDeploymentPostprocessing = 0;
		};
		50E1E2BF29605B3E00B8645E /* Resources */ = {
			isa = PBXResourcesBuildPhase;
			buildActionMask = 2147483647;
			files = (
			);
			runOnlyForDeploymentPostprocessing = 0;
		};
		50E1E2C929605B3E00B8645E /* Resources */ = {
			isa = PBXResourcesBuildPhase;
			buildActionMask = 2147483647;
			files = (
			);
			runOnlyForDeploymentPostprocessing = 0;
		};
/* End PBXResourcesBuildPhase section */

/* Begin PBXSourcesBuildPhase section */
		50E1E2AD29605B3D00B8645E /* Sources */ = {
			isa = PBXSourcesBuildPhase;
			buildActionMask = 2147483647;
			files = (
				50E1E2E02961E8BF00B8645E /* NetworkManager.swift in Sources */,
				50E1E2E22961E8EC00B8645E /* PostData.swift in Sources */,
				50E1E2B729605B3D00B8645E /* ContentView.swift in Sources */,
				50819F7E2963225000466AAD /* WebView.swift in Sources */,
				50819F7C296318CB00466AAD /* DetailView.swift in Sources */,
				50E1E2B529605B3D00B8645E /* Hacker_NewsApp.swift in Sources */,
			);
			runOnlyForDeploymentPostprocessing = 0;
		};
		50E1E2BD29605B3E00B8645E /* Sources */ = {
			isa = PBXSourcesBuildPhase;
			buildActionMask = 2147483647;
			files = (
				50E1E2C629605B3E00B8645E /* Hacker_NewsTests.swift in Sources */,
			);
			runOnlyForDeploymentPostprocessing = 0;
		};
		50E1E2C729605B3E00B8645E /* Sources */ = {
			isa = PBXSourcesBuildPhase;
			buildActionMask = 2147483647;
			files = (
				50E1E2D029605B3E00B8645E /* Hacker_NewsUITests.swift in Sources */,
				50E1E2D229605B3E00B8645E /* Hacker_NewsUITestsLaunchTests.swift in Sources */,
			);
			runOnlyForDeploymentPostprocessing = 0;
		};
/* End PBXSourcesBuildPhase section */

/* Begin PBXTargetDependency section */
		50E1E2C329605B3E00B8645E /* PBXTargetDependency */ = {
			isa = PBXTargetDependency;
			target = 50E1E2B029605B3D00B8645E /* Hacker News */;
			targetProxy = 50E1E2C229605B3E00B8645E /* PBXContainerItemProxy */;
		};
		50E1E2CD29605B3E00B8645E /* PBXTargetDependency */ = {
			isa = PBXTargetDependency;
			target = 50E1E2B029605B3D00B8645E /* Hacker News */;
			targetProxy = 50E1E2CC29605B3E00B8645E /* PBXContainerItemProxy */;
		};
/* End PBXTargetDependency section */

/* Begin XCBuildConfiguration section */
		50E1E2D329605B3E00B8645E /* Debug */ = {
			isa = XCBuildConfiguration;
			buildSettings = {
				ALWAYS_SEARCH_USER_PATHS = NO;
				CLANG_ANALYZER_NONNULL = YES;
				CLANG_ANALYZER_NUMBER_OBJECT_CONVERSION = YES_AGGRESSIVE;
				CLANG_CXX_LANGUAGE_STANDARD = "gnu++20";
				CLANG_ENABLE_MODULES = YES;
				CLANG_ENABLE_OBJC_ARC = YES;
				CLANG_ENABLE_OBJC_WEAK = YES;
				CLANG_WARN_BLOCK_CAPTURE_AUTORELEASING = YES;
				CLANG_WARN_BOOL_CONVERSION = YES;
				CLANG_WARN_COMMA = YES;
				CLANG_WARN_CONSTANT_CONVERSION = YES;
				CLANG_WARN_DEPRECATED_OBJC_IMPLEMENTATIONS = YES;
				CLANG_WARN_DIRECT_OBJC_ISA_USAGE = YES_ERROR;
				CLANG_WARN_DOCUMENTATION_COMMENTS = YES;
				CLANG_WARN_EMPTY_BODY = YES;
				CLANG_WARN_ENUM_CONVERSION = YES;
				CLANG_WARN_INFINITE_RECURSION = YES;
				CLANG_WARN_INT_CONVERSION = YES;
				CLANG_WARN_NON_LITERAL_NULL_CONVERSION = YES;
				CLANG_WARN_OBJC_IMPLICIT_RETAIN_SELF = YES;
				CLANG_WARN_OBJC_LITERAL_CONVERSION = YES;
				CLANG_WARN_OBJC_ROOT_CLASS = YES_ERROR;
				CLANG_WARN_QUOTED_INCLUDE_IN_FRAMEWORK_HEADER = YES;
				CLANG_WARN_RANGE_LOOP_ANALYSIS = YES;
				CLANG_WARN_STRICT_PROTOTYPES = YES;
				CLANG_WARN_SUSPICIOUS_MOVE = YES;
				CLANG_WARN_UNGUARDED_AVAILABILITY = YES_AGGRESSIVE;
				CLANG_WARN_UNREACHABLE_CODE = YES;
				CLANG_WARN__DUPLICATE_METHOD_MATCH = YES;
				COPY_PHASE_STRIP = NO;
				DEBUG_INFORMATION_FORMAT = dwarf;
				ENABLE_STRICT_OBJC_MSGSEND = YES;
				ENABLE_TESTABILITY = YES;
				GCC_C_LANGUAGE_STANDARD = gnu11;
				GCC_DYNAMIC_NO_PIC = NO;
				GCC_NO_COMMON_BLOCKS = YES;
				GCC_OPTIMIZATION_LEVEL = 0;
				GCC_PREPROCESSOR_DEFINITIONS = (
					"DEBUG=1",
					"$(inherited)",
				);
				GCC_WARN_64_TO_32_BIT_CONVERSION = YES;
				GCC_WARN_ABOUT_RETURN_TYPE = YES_ERROR;
				GCC_WARN_UNDECLARED_SELECTOR = YES;
				GCC_WARN_UNINITIALIZED_AUTOS = YES_AGGRESSIVE;
				GCC_WARN_UNUSED_FUNCTION = YES;
				GCC_WARN_UNUSED_VARIABLE = YES;
				IPHONEOS_DEPLOYMENT_TARGET = 16.2;
				MTL_ENABLE_DEBUG_INFO = INCLUDE_SOURCE;
				MTL_FAST_MATH = YES;
				ONLY_ACTIVE_ARCH = YES;
				SDKROOT = iphoneos;
				SWIFT_ACTIVE_COMPILATION_CONDITIONS = DEBUG;
				SWIFT_OPTIMIZATION_LEVEL = "-Onone";
			};
			name = Debug;
		};
		50E1E2D429605B3E00B8645E /* Release */ = {
			isa = XCBuildConfiguration;
			buildSettings = {
				ALWAYS_SEARCH_USER_PATHS = NO;
				CLANG_ANALYZER_NONNULL = YES;
				CLANG_ANALYZER_NUMBER_OBJECT_CONVERSION = YES_AGGRESSIVE;
				CLANG_CXX_LANGUAGE_STANDARD = "gnu++20";
				CLANG_ENABLE_MODULES = YES;
				CLANG_ENABLE_OBJC_ARC = YES;
				CLANG_ENABLE_OBJC_WEAK = YES;
				CLANG_WARN_BLOCK_CAPTURE_AUTORELEASING = YES;
				CLANG_WARN_BOOL_CONVERSION = YES;
				CLANG_WARN_COMMA = YES;
				CLANG_WARN_CONSTANT_CONVERSION = YES;
				CLANG_WARN_DEPRECATED_OBJC_IMPLEMENTATIONS = YES;
				CLANG_WARN_DIRECT_OBJC_ISA_USAGE = YES_ERROR;
				CLANG_WARN_DOCUMENTATION_COMMENTS = YES;
				CLANG_WARN_EMPTY_BODY = YES;
				CLANG_WARN_ENUM_CONVERSION = YES;
				CLANG_WARN_INFINITE_RECURSION = YES;
				CLANG_WARN_INT_CONVERSION = YES;
				CLANG_WARN_NON_LITERAL_NULL_CONVERSION = YES;
				CLANG_WARN_OBJC_IMPLICIT_RETAIN_SELF = YES;
				CLANG_WARN_OBJC_LITERAL_CONVERSION = YES;
				CLANG_WARN_OBJC_ROOT_CLASS = YES_ERROR;
				CLANG_WARN_QUOTED_INCLUDE_IN_FRAMEWORK_HEADER = YES;
				CLANG_WARN_RANGE_LOOP_ANALYSIS = YES;
				CLANG_WARN_STRICT_PROTOTYPES = YES;
				CLANG_WARN_SUSPICIOUS_MOVE = YES;
				CLANG_WARN_UNGUARDED_AVAILABILITY = YES_AGGRESSIVE;
				CLANG_WARN_UNREACHABLE_CODE = YES;
				CLANG_WARN__DUPLICATE_METHOD_MATCH = YES;
				COPY_PHASE_STRIP = NO;
				DEBUG_INFORMATION_FORMAT = "dwarf-with-dsym";
				ENABLE_NS_ASSERTIONS = NO;
				ENABLE_STRICT_OBJC_MSGSEND = YES;
				GCC_C_LANGUAGE_STANDARD = gnu11;
				GCC_NO_COMMON_BLOCKS = YES;
				GCC_WARN_64_TO_32_BIT_CONVERSION = YES;
				GCC_WARN_ABOUT_RETURN_TYPE = YES_ERROR;
				GCC_WARN_UNDECLARED_SELECTOR = YES;
				GCC_WARN_UNINITIALIZED_AUTOS = YES_AGGRESSIVE;
				GCC_WARN_UNUSED_FUNCTION = YES;
				GCC_WARN_UNUSED_VARIABLE = YES;
				IPHONEOS_DEPLOYMENT_TARGET = 16.2;
				MTL_ENABLE_DEBUG_INFO = NO;
				MTL_FAST_MATH = YES;
				SDKROOT = iphoneos;
				SWIFT_COMPILATION_MODE = wholemodule;
				SWIFT_OPTIMIZATION_LEVEL = "-O";
				VALIDATE_PRODUCT = YES;
			};
			name = Release;
		};
		50E1E2D629605B3E00B8645E /* Debug */ = {
			isa = XCBuildConfiguration;
			buildSettings = {
				ASSETCATALOG_COMPILER_APPICON_NAME = AppIcon;
				ASSETCATALOG_COMPILER_GLOBAL_ACCENT_COLOR_NAME = AccentColor;
				CODE_SIGN_STYLE = Automatic;
				CURRENT_PROJECT_VERSION = 1;
				DEVELOPMENT_ASSET_PATHS = "\"Hacker News/Preview Content\"";
				DEVELOPMENT_TEAM = 2BQ23KF27X;
				ENABLE_PREVIEWS = YES;
				GENERATE_INFOPLIST_FILE = YES;
				INFOPLIST_KEY_UIApplicationSceneManifest_Generation = YES;
				INFOPLIST_KEY_UIApplicationSupportsIndirectInputEvents = YES;
				INFOPLIST_KEY_UILaunchScreen_Generation = YES;
				INFOPLIST_KEY_UISupportedInterfaceOrientations_iPad = "UIInterfaceOrientationPortrait UIInterfaceOrientationPortraitUpsideDown UIInterfaceOrientationLandscapeLeft UIInterfaceOrientationLandscapeRight";
				INFOPLIST_KEY_UISupportedInterfaceOrientations_iPhone = "UIInterfaceOrientationPortrait UIInterfaceOrientationLandscapeLeft UIInterfaceOrientationLandscapeRight";
				LD_RUNPATH_SEARCH_PATHS = (
					"$(inherited)",
					"@executable_path/Frameworks",
				);
				MARKETING_VERSION = 1.0;
				PRODUCT_BUNDLE_IDENTIFIER = "com.tolight.Hacker-News";
				PRODUCT_NAME = "$(TARGET_NAME)";
				SWIFT_EMIT_LOC_STRINGS = YES;
				SWIFT_VERSION = 5.0;
				TARGETED_DEVICE_FAMILY = "1,2";
			};
			name = Debug;
		};
		50E1E2D729605B3E00B8645E /* Release */ = {
			isa = XCBuildConfiguration;
			buildSettings = {
				ASSETCATALOG_COMPILER_APPICON_NAME = AppIcon;
				ASSETCATALOG_COMPILER_GLOBAL_ACCENT_COLOR_NAME = AccentColor;
				CODE_SIGN_STYLE = Automatic;
				CURRENT_PROJECT_VERSION = 1;
				DEVELOPMENT_ASSET_PATHS = "\"Hacker News/Preview Content\"";
				DEVELOPMENT_TEAM = 2BQ23KF27X;
				ENABLE_PREVIEWS = YES;
				GENERATE_INFOPLIST_FILE = YES;
				INFOPLIST_KEY_UIApplicationSceneManifest_Generation = YES;
				INFOPLIST_KEY_UIApplicationSupportsIndirectInputEvents = YES;
				INFOPLIST_KEY_UILaunchScreen_Generation = YES;
				INFOPLIST_KEY_UISupportedInterfaceOrientations_iPad = "UIInterfaceOrientationPortrait UIInterfaceOrientationPortraitUpsideDown UIInterfaceOrientationLandscapeLeft UIInterfaceOrientationLandscapeRight";
				INFOPLIST_KEY_UISupportedInterfaceOrientations_iPhone = "UIInterfaceOrientationPortrait UIInterfaceOrientationLandscapeLeft UIInterfaceOrientationLandscapeRight";
				LD_RUNPATH_SEARCH_PATHS = (
					"$(inherited)",
					"@executable_path/Frameworks",
				);
				MARKETING_VERSION = 1.0;
				PRODUCT_BUNDLE_IDENTIFIER = "com.tolight.Hacker-News";
				PRODUCT_NAME = "$(TARGET_NAME)";
				SWIFT_EMIT_LOC_STRINGS = YES;
				SWIFT_VERSION = 5.0;
				TARGETED_DEVICE_FAMILY = "1,2";
			};
			name = Release;
		};
		50E1E2D929605B3E00B8645E /* Debug */ = {
			isa = XCBuildConfiguration;
			buildSettings = {
				ALWAYS_EMBED_SWIFT_STANDARD_LIBRARIES = YES;
				BUNDLE_LOADER = "$(TEST_HOST)";
				CODE_SIGN_STYLE = Automatic;
				CURRENT_PROJECT_VERSION = 1;
				DEVELOPMENT_TEAM = 2BQ23KF27X;
				GENERATE_INFOPLIST_FILE = YES;
				IPHONEOS_DEPLOYMENT_TARGET = 16.2;
				MARKETING_VERSION = 1.0;
				PRODUCT_BUNDLE_IDENTIFIER = "com.tolight.Hacker-NewsTests";
				PRODUCT_NAME = "$(TARGET_NAME)";
				SWIFT_EMIT_LOC_STRINGS = NO;
				SWIFT_VERSION = 5.0;
				TARGETED_DEVICE_FAMILY = "1,2";
				TEST_HOST = "$(BUILT_PRODUCTS_DIR)/Hacker News.app/$(BUNDLE_EXECUTABLE_FOLDER_PATH)/Hacker News";
			};
			name = Debug;
		};
		50E1E2DA29605B3E00B8645E /* Release */ = {
			isa = XCBuildConfiguration;
			buildSettings = {
				ALWAYS_EMBED_SWIFT_STANDARD_LIBRARIES = YES;
				BUNDLE_LOADER = "$(TEST_HOST)";
				CODE_SIGN_STYLE = Automatic;
				CURRENT_PROJECT_VERSION = 1;
				DEVELOPMENT_TEAM = 2BQ23KF27X;
				GENERATE_INFOPLIST_FILE = YES;
				IPHONEOS_DEPLOYMENT_TARGET = 16.2;
				MARKETING_VERSION = 1.0;
				PRODUCT_BUNDLE_IDENTIFIER = "com.tolight.Hacker-NewsTests";
				PRODUCT_NAME = "$(TARGET_NAME)";
				SWIFT_EMIT_LOC_STRINGS = NO;
				SWIFT_VERSION = 5.0;
				TARGETED_DEVICE_FAMILY = "1,2";
				TEST_HOST = "$(BUILT_PRODUCTS_DIR)/Hacker News.app/$(BUNDLE_EXECUTABLE_FOLDER_PATH)/Hacker News";
			};
			name = Release;
		};
		50E1E2DC29605B3E00B8645E /* Debug */ = {
			isa = XCBuildConfiguration;
			buildSettings = {
				ALWAYS_EMBED_SWIFT_STANDARD_LIBRARIES = YES;
				CODE_SIGN_STYLE = Automatic;
				CURRENT_PROJECT_VERSION = 1;
				DEVELOPMENT_TEAM = 2BQ23KF27X;
				GENERATE_INFOPLIST_FILE = YES;
				MARKETING_VERSION = 1.0;
				PRODUCT_BUNDLE_IDENTIFIER = "com.tolight.Hacker-NewsUITests";
				PRODUCT_NAME = "$(TARGET_NAME)";
				SWIFT_EMIT_LOC_STRINGS = NO;
				SWIFT_VERSION = 5.0;
				TARGETED_DEVICE_FAMILY = "1,2";
				TEST_TARGET_NAME = "Hacker News";
			};
			name = Debug;
		};
		50E1E2DD29605B3E00B8645E /* Release */ = {
			isa = XCBuildConfiguration;
			buildSettings = {
				ALWAYS_EMBED_SWIFT_STANDARD_LIBRARIES = YES;
				CODE_SIGN_STYLE = Automatic;
				CURRENT_PROJECT_VERSION = 1;
				DEVELOPMENT_TEAM = 2BQ23KF27X;
				GENERATE_INFOPLIST_FILE = YES;
				MARKETING_VERSION = 1.0;
				PRODUCT_BUNDLE_IDENTIFIER = "com.tolight.Hacker-NewsUITests";
				PRODUCT_NAME = "$(TARGET_NAME)";
				SWIFT_EMIT_LOC_STRINGS = NO;
				SWIFT_VERSION = 5.0;
				TARGETED_DEVICE_FAMILY = "1,2";
				TEST_TARGET_NAME = "Hacker News";
			};
			name = Release;
		};
/* End XCBuildConfiguration section */

/* Begin XCConfigurationList section */
		50E1E2AC29605B3D00B8645E /* Build configuration list for PBXProject "Hacker News" */ = {
			isa = XCConfigurationList;
			buildConfigurations = (
				50E1E2D329605B3E00B8645E /* Debug */,
				50E1E2D429605B3E00B8645E /* Release */,
			);
			defaultConfigurationIsVisible = 0;
			defaultConfigurationName = Release;
		};
		50E1E2D529605B3E00B8645E /* Build configuration list for PBXNativeTarget "Hacker News" */ = {
			isa = XCConfigurationList;
			buildConfigurations = (
				50E1E2D629605B3E00B8645E /* Debug */,
				50E1E2D729605B3E00B8645E /* Release */,
			);
			defaultConfigurationIsVisible = 0;
			defaultConfigurationName = Release;
		};
		50E1E2D829605B3E00B8645E /* Build configuration list for PBXNativeTarget "Hacker NewsTests" */ = {
			isa = XCConfigurationList;
			buildConfigurations = (
				50E1E2D929605B3E00B8645E /* Debug */,
				50E1E2DA29605B3E00B8645E /* Release */,
			);
			defaultConfigurationIsVisible = 0;
			defaultConfigurationName = Release;
		};
		50E1E2DB29605B3E00B8645E /* Build configuration list for PBXNativeTarget "Hacker NewsUITests" */ = {
			isa = XCConfigurationList;
			buildConfigurations = (
				50E1E2DC29605B3E00B8645E /* Debug */,
				50E1E2DD29605B3E00B8645E /* Release */,
			);
			defaultConfigurationIsVisible = 0;
			defaultConfigurationName = Release;
		};
/* End XCConfigurationList section */
	};
	rootObject = 50E1E2A929605B3D00B8645E /* Project object */;
}
